
Microsoft Visual Studio Solution File, Format Version 12.00
# Visual Studio Version 16
VisualStudioVersion = 16.0.30804.86
MinimumVisualStudioVersion = 10.0.40219.1
Project("{FAE04EC0-301F-11D3-BF4B-00C04F79EFBC}") = "UploadAndDisplayImageInAspDotNetCore", "UploadAndDisplayImageInAspDotNetCore.csproj", "{C9F70AF6-0572-44AA-A9C8-55BFA5EC97C5}"
EndProject
Global
	GlobalSection(SolutionConfigurationPlatforms) = preSolution
		Debug|Any CPU = Debug|Any CPU
		Release|Any CPU = Release|Any CPU
	EndGlobalSection
	GlobalSection(ProjectConfigurationPlatforms) = postSolution
		{C9F70AF6-0572-44AA-A9C8-55BFA5EC97C5}.Debug|Any CPU.ActiveCfg = Debug|Any CPU
		{C9F70AF6-0572-44AA-A9C8-55BFA5EC97C5}.Debug|Any CPU.Build.0 = Debug|Any CPU
		{C9F70AF6-0572-44AA-A9C8-55BFA5EC97C5}.Release|Any CPU.ActiveCfg = Release|Any CPU
		{C9F70AF6-0572-44AA-A9C8-55BFA5EC97C5}.Release|Any CPU.Build.0 = Release|Any CPU
	EndGlobalSection
	GlobalSection(SolutionProperties) = preSolution
		HideSolutionNode = FALSE
	EndGlobalSection
	GlobalSection(ExtensibilityGlobals) = postSolution
		SolutionGuid = {D514575C-49E8-445B-9259-8F660C4E6BCB}
	EndGlobalSection
EndGlobal
